
Microsoft Visual Studio Solution File, Format Version 12.00
# Visual Studio 14
VisualStudioVersion = 14.0.25420.1
MinimumVisualStudioVersion = 10.0.40219.1
Project("{FAE04EC0-301F-11D3-BF4B-00C04F79EFBC}") = "AddZoomToThePhoto", "AddZoomToThePhoto\AddZoomToThePhoto.csproj", "{A70DB662-485E-4813-AE99-A693996BC4B8}"
EndProject
Project("{FAE04EC0-301F-11D3-BF4B-00C04F79EFBC}") = "AddZoomToThePhoto.Web", "AddZoomToThePhoto.Web\AddZoomToThePhoto.Web.csproj", "{098FDF53-E940-4018-96DD-AAA8DE2316E3}"
EndProject
Global
	GlobalSection(SolutionConfigurationPlatforms) = preSolution
		Debug|Any CPU = Debug|Any CPU
		Release|Any CPU = Release|Any CPU
	EndGlobalSection
	GlobalSection(ProjectConfigurationPlatforms) = postSolution
		{A70DB662-485E-4813-AE99-A693996BC4B8}.Debug|Any CPU.ActiveCfg = Debug|Any CPU
		{A70DB662-485E-4813-AE99-A693996BC4B8}.Debug|Any CPU.Build.0 = Debug|Any CPU
		{A70DB662-485E-4813-AE99-A693996BC4B8}.Release|Any CPU.ActiveCfg = Release|Any CPU
		{A70DB662-485E-4813-AE99-A693996BC4B8}.Release|Any CPU.Build.0 = Release|Any CPU
		{098FDF53-E940-4018-96DD-AAA8DE2316E3}.Debug|Any CPU.ActiveCfg = Debug|Any CPU
		{098FDF53-E940-4018-96DD-AAA8DE2316E3}.Debug|Any CPU.Build.0 = Debug|Any CPU
		{098FDF53-E940-4018-96DD-AAA8DE2316E3}.Release|Any CPU.ActiveCfg = Release|Any CPU
		{098FDF53-E940-4018-96DD-AAA8DE2316E3}.Release|Any CPU.Build.0 = Release|Any CPU
	EndGlobalSection
	GlobalSection(SolutionProperties) = preSolution
		HideSolutionNode = FALSE
	EndGlobalSection
EndGlobal
